
Microsoft Visual Studio Solution File, Format Version 12.00
# Visual Studio Version 17
VisualStudioVersion = 17.7.34024.191
MinimumVisualStudioVersion = 10.0.40219.1
Project("{FAE04EC0-301F-11D3-BF4B-00C04F79EFBC}") = "Core.Persistence", "Core.Persistence\Core.Persistence.csproj", "{99680A10-F07A-4546-9B3B-5015110517CC}"
EndProject
Global
	GlobalSection(SolutionConfigurationPlatforms) = preSolution
		Debug|Any CPU = Debug|Any CPU
		Release|Any CPU = Release|Any CPU
	EndGlobalSection
	GlobalSection(ProjectConfigurationPlatforms) = postSolution
		{99680A10-F07A-4546-9B3B-5015110517CC}.Debug|Any CPU.ActiveCfg = Debug|Any CPU
		{99680A10-F07A-4546-9B3B-5015110517CC}.Debug|Any CPU.Build.0 = Debug|Any CPU
		{99680A10-F07A-4546-9B3B-5015110517CC}.Release|Any CPU.ActiveCfg = Release|Any CPU
		{99680A10-F07A-4546-9B3B-5015110517CC}.Release|Any CPU.Build.0 = Release|Any CPU
	EndGlobalSection
	GlobalSection(SolutionProperties) = preSolution
		HideSolutionNode = FALSE
	EndGlobalSection
	GlobalSection(ExtensibilityGlobals) = postSolution
		SolutionGuid = {36247A4A-4C8C-4035-83FE-3C1A69A78173}
	EndGlobalSection
EndGlobal
